// !$*UTF8*$!
{
	archiveVersion = 1;
	classes = {
	};
	objectVersion = 46;
	objects = {

/* Begin PBXBuildFile section */
		6A3CC471160EEE7700F4A12A /* UIKit.framework in Frameworks */ = {isa = PBXBuildFile; fileRef = 6A3CC470160EEE7700F4A12A /* UIKit.framework */; };
		6A3CC473160EEE7700F4A12A /* Foundation.framework in Frameworks */ = {isa = PBXBuildFile; fileRef = 6A3CC472160EEE7700F4A12A /* Foundation.framework */; };
		6A3CC475160EEE7700F4A12A /* CoreGraphics.framework in Frameworks */ = {isa = PBXBuildFile; fileRef = 6A3CC474160EEE7700F4A12A /* CoreGraphics.framework */; };
		6A3CC47B160EEE7700F4A12A /* InfoPlist.strings in Resources */ = {isa = PBXBuildFile; fileRef = 6A3CC479160EEE7700F4A12A /* InfoPlist.strings */; };
		6A3CC47D160EEE7700F4A12A /* main.m in Sources */ = {isa = PBXBuildFile; fileRef = 6A3CC47C160EEE7700F4A12A /* main.m */; };
		6A3CC481160EEE7800F4A12A /* OnTimeAppDelegate.m in Sources */ = {isa = PBXBuildFile; fileRef = 6A3CC480160EEE7800F4A12A /* OnTimeAppDelegate.m */; };
		6A3CC484160EEE7800F4A12A /* OnTimeViewController.m in Sources */ = {isa = PBXBuildFile; fileRef = 6A3CC483160EEE7800F4A12A /* OnTimeViewController.m */; };
		6A3CC487160EEE7800F4A12A /* OnTimeViewController.xib in Resources */ = {isa = PBXBuildFile; fileRef = 6A3CC485160EEE7800F4A12A /* OnTimeViewController.xib */; };
		6A3CC48E160EEF5300F4A12A /* MapKit.framework in Frameworks */ = {isa = PBXBuildFile; fileRef = 6A3CC48D160EEF5300F4A12A /* MapKit.framework */; };
		6A3CC490160EEFD200F4A12A /* CoreLocation.framework in Frameworks */ = {isa = PBXBuildFile; fileRef = 6A3CC48F160EEFD200F4A12A /* CoreLocation.framework */; };
		6A6F0A06165EE74C00423239 /* OnTimeStationMapAnnotation.m in Sources */ = {isa = PBXBuildFile; fileRef = 6A6F0A05165EE74C00423239 /* OnTimeStationMapAnnotation.m */; };
		6A9E6CD51614298200CFF4DD /* StationChoiceViewController.m in Sources */ = {isa = PBXBuildFile; fileRef = 6A9E6CD31614298200CFF4DD /* StationChoiceViewController.m */; };
		6A9E6D1B1616CECC00CFF4DD /* Station.m in Sources */ = {isa = PBXBuildFile; fileRef = 6A9E6D1A1616CECC00CFF4DD /* Station.m */; };
		6A9E6D1E1616CF6D00CFF4DD /* BartStation.m in Sources */ = {isa = PBXBuildFile; fileRef = 6A9E6D1D1616CF6D00CFF4DD /* BartStation.m */; };
		6A9E6D251616D0C400CFF4DD /* OnTimeConnection.m in Sources */ = {isa = PBXBuildFile; fileRef = 6A9E6D241616D0C300CFF4DD /* OnTimeConnection.m */; };
		6A9E6D2A1616D57300CFF4DD /* BartStationStore.m in Sources */ = {isa = PBXBuildFile; fileRef = 6A9E6D291616D57200CFF4DD /* BartStationStore.m */; };
		6AA5B21B16293E79001FA806 /* OnTimeNotification.m in Sources */ = {isa = PBXBuildFile; fileRef = 6AA5B21A16293E79001FA806 /* OnTimeNotification.m */; };
		6ADF2585161D514B00CDEA2B /* Default-568h@2x.png in Resources */ = {isa = PBXBuildFile; fileRef = 6ADF2584161D514B00CDEA2B /* Default-568h@2x.png */; };
/* End PBXBuildFile section */

/* Begin PBXFileReference section */
		6A3CC46C160EEE7700F4A12A /* ontime.app */ = {isa = PBXFileReference; explicitFileType = wrapper.application; includeInIndex = 0; path = ontime.app; sourceTree = BUILT_PRODUCTS_DIR; };
		6A3CC470160EEE7700F4A12A /* UIKit.framework */ = {isa = PBXFileReference; lastKnownFileType = wrapper.framework; name = UIKit.framework; path = System/Library/Frameworks/UIKit.framework; sourceTree = SDKROOT; };
		6A3CC472160EEE7700F4A12A /* Foundation.framework */ = {isa = PBXFileReference; lastKnownFileType = wrapper.framework; name = Foundation.framework; path = System/Library/Frameworks/Foundation.framework; sourceTree = SDKROOT; };
		6A3CC474160EEE7700F4A12A /* CoreGraphics.framework */ = {isa = PBXFileReference; lastKnownFileType = wrapper.framework; name = CoreGraphics.framework; path = System/Library/Frameworks/CoreGraphics.framework; sourceTree = SDKROOT; };
		6A3CC478160EEE7700F4A12A /* OnTime-Info.plist */ = {isa = PBXFileReference; lastKnownFileType = text.plist.xml; path = "OnTime-Info.plist"; sourceTree = "<group>"; };
		6A3CC47A160EEE7700F4A12A /* en */ = {isa = PBXFileReference; lastKnownFileType = text.plist.strings; name = en; path = en.lproj/InfoPlist.strings; sourceTree = "<group>"; };
		6A3CC47C160EEE7700F4A12A /* main.m */ = {isa = PBXFileReference; lastKnownFileType = sourcecode.c.objc; path = main.m; sourceTree = "<group>"; };
		6A3CC47E160EEE7700F4A12A /* OnTime-Prefix.pch */ = {isa = PBXFileReference; lastKnownFileType = sourcecode.c.h; path = "OnTime-Prefix.pch"; sourceTree = "<group>"; };
		6A3CC47F160EEE7700F4A12A /* OnTimeAppDelegate.h */ = {isa = PBXFileReference; lastKnownFileType = sourcecode.c.h; path = OnTimeAppDelegate.h; sourceTree = "<group>"; };
		6A3CC480160EEE7800F4A12A /* OnTimeAppDelegate.m */ = {isa = PBXFileReference; lastKnownFileType = sourcecode.c.objc; path = OnTimeAppDelegate.m; sourceTree = "<group>"; };
		6A3CC482160EEE7800F4A12A /* OnTimeViewController.h */ = {isa = PBXFileReference; lastKnownFileType = sourcecode.c.h; path = OnTimeViewController.h; sourceTree = "<group>"; };
		6A3CC483160EEE7800F4A12A /* OnTimeViewController.m */ = {isa = PBXFileReference; lastKnownFileType = sourcecode.c.objc; path = OnTimeViewController.m; sourceTree = "<group>"; };
		6A3CC486160EEE7800F4A12A /* en */ = {isa = PBXFileReference; lastKnownFileType = file.xib; name = en; path = en.lproj/OnTimeViewController.xib; sourceTree = "<group>"; };
		6A3CC48D160EEF5300F4A12A /* MapKit.framework */ = {isa = PBXFileReference; lastKnownFileType = wrapper.framework; name = MapKit.framework; path = System/Library/Frameworks/MapKit.framework; sourceTree = SDKROOT; };
		6A3CC48F160EEFD200F4A12A /* CoreLocation.framework */ = {isa = PBXFileReference; lastKnownFileType = wrapper.framework; name = CoreLocation.framework; path = System/Library/Frameworks/CoreLocation.framework; sourceTree = SDKROOT; };
		6A6F0A04165EE74C00423239 /* OnTimeStationMapAnnotation.h */ = {isa = PBXFileReference; fileEncoding = 4; lastKnownFileType = sourcecode.c.h; path = OnTimeStationMapAnnotation.h; sourceTree = "<group>"; };
		6A6F0A05165EE74C00423239 /* OnTimeStationMapAnnotation.m */ = {isa = PBXFileReference; fileEncoding = 4; lastKnownFileType = sourcecode.c.objc; path = OnTimeStationMapAnnotation.m; sourceTree = "<group>"; };
		6A9E6CD21614298200CFF4DD /* StationChoiceViewController.h */ = {isa = PBXFileReference; fileEncoding = 4; lastKnownFileType = sourcecode.c.h; path = StationChoiceViewController.h; sourceTree = "<group>"; };
		6A9E6CD31614298200CFF4DD /* StationChoiceViewController.m */ = {isa = PBXFileReference; fileEncoding = 4; lastKnownFileType = sourcecode.c.objc; path = StationChoiceViewController.m; sourceTree = "<group>"; };
		6A9E6D191616CECC00CFF4DD /* Station.h */ = {isa = PBXFileReference; fileEncoding = 4; lastKnownFileType = sourcecode.c.h; path = Station.h; sourceTree = "<group>"; };
		6A9E6D1A1616CECC00CFF4DD /* Station.m */ = {isa = PBXFileReference; fileEncoding = 4; lastKnownFileType = sourcecode.c.objc; path = Station.m; sourceTree = "<group>"; };
		6A9E6D1C1616CF6D00CFF4DD /* BartStation.h */ = {isa = PBXFileReference; fileEncoding = 4; lastKnownFileType = sourcecode.c.h; path = BartStation.h; sourceTree = "<group>"; };
		6A9E6D1D1616CF6D00CFF4DD /* BartStation.m */ = {isa = PBXFileReference; fileEncoding = 4; lastKnownFileType = sourcecode.c.objc; path = BartStation.m; sourceTree = "<group>"; };
		6A9E6D231616D0C300CFF4DD /* OnTimeConnection.h */ = {isa = PBXFileReference; fileEncoding = 4; lastKnownFileType = sourcecode.c.h; path = OnTimeConnection.h; sourceTree = "<group>"; };
		6A9E6D241616D0C300CFF4DD /* OnTimeConnection.m */ = {isa = PBXFileReference; fileEncoding = 4; lastKnownFileType = sourcecode.c.objc; path = OnTimeConnection.m; sourceTree = "<group>"; };
		6A9E6D271616D4C200CFF4DD /* OnTimeManagerProtocol.h */ = {isa = PBXFileReference; lastKnownFileType = sourcecode.c.h; path = OnTimeManagerProtocol.h; sourceTree = "<group>"; };
		6A9E6D281616D57200CFF4DD /* BartStationStore.h */ = {isa = PBXFileReference; fileEncoding = 4; lastKnownFileType = sourcecode.c.h; path = BartStationStore.h; sourceTree = "<group>"; };
		6A9E6D291616D57200CFF4DD /* BartStationStore.m */ = {isa = PBXFileReference; fileEncoding = 4; lastKnownFileType = sourcecode.c.objc; path = BartStationStore.m; sourceTree = "<group>"; };
		6AA5B21916293E79001FA806 /* OnTimeNotification.h */ = {isa = PBXFileReference; fileEncoding = 4; lastKnownFileType = sourcecode.c.h; path = OnTimeNotification.h; sourceTree = "<group>"; };
		6AA5B21A16293E79001FA806 /* OnTimeNotification.m */ = {isa = PBXFileReference; fileEncoding = 4; lastKnownFileType = sourcecode.c.objc; path = OnTimeNotification.m; sourceTree = "<group>"; };
		6ADF2584161D514B00CDEA2B /* Default-568h@2x.png */ = {isa = PBXFileReference; lastKnownFileType = image.png; path = "Default-568h@2x.png"; sourceTree = "<group>"; };
/* End PBXFileReference section */

/* Begin PBXFrameworksBuildPhase section */
		6A3CC469160EEE7700F4A12A /* Frameworks */ = {
			isa = PBXFrameworksBuildPhase;
			buildActionMask = 2147483647;
			files = (
				6A3CC490160EEFD200F4A12A /* CoreLocation.framework in Frameworks */,
				6A3CC48E160EEF5300F4A12A /* MapKit.framework in Frameworks */,
				6A3CC471160EEE7700F4A12A /* UIKit.framework in Frameworks */,
				6A3CC473160EEE7700F4A12A /* Foundation.framework in Frameworks */,
				6A3CC475160EEE7700F4A12A /* CoreGraphics.framework in Frameworks */,
			);
			runOnlyForDeploymentPostprocessing = 0;
		};
/* End PBXFrameworksBuildPhase section */

/* Begin PBXGroup section */
		6A3CC461160EEE7700F4A12A = {
			isa = PBXGroup;
			children = (
				6ADF2584161D514B00CDEA2B /* Default-568h@2x.png */,
				6A3CC476160EEE7700F4A12A /* OnTime */,
				6A3CC46F160EEE7700F4A12A /* Frameworks */,
				6A3CC46D160EEE7700F4A12A /* Products */,
			);
			sourceTree = "<group>";
		};
		6A3CC46D160EEE7700F4A12A /* Products */ = {
			isa = PBXGroup;
			children = (
				6A3CC46C160EEE7700F4A12A /* ontime.app */,
			);
			name = Products;
			sourceTree = "<group>";
		};
		6A3CC46F160EEE7700F4A12A /* Frameworks */ = {
			isa = PBXGroup;
			children = (
				6A3CC48F160EEFD200F4A12A /* CoreLocation.framework */,
				6A3CC48D160EEF5300F4A12A /* MapKit.framework */,
				6A3CC470160EEE7700F4A12A /* UIKit.framework */,
				6A3CC472160EEE7700F4A12A /* Foundation.framework */,
				6A3CC474160EEE7700F4A12A /* CoreGraphics.framework */,
			);
			name = Frameworks;
			sourceTree = "<group>";
		};
		6A3CC476160EEE7700F4A12A /* OnTime */ = {
			isa = PBXGroup;
			children = (
				6A6F0A00165EE5AC00423239 /* Models */,
				6A6F0A02165EE5E600423239 /* Controllers */,
				6A6F0A03165EE61E00423239 /* Stores */,
				6A3CC477160EEE7700F4A12A /* Supporting Files */,
			);
			path = OnTime;
			sourceTree = "<group>";
		};
		6A3CC477160EEE7700F4A12A /* Supporting Files */ = {
			isa = PBXGroup;
			children = (
				6A9E6D231616D0C300CFF4DD /* OnTimeConnection.h */,
				6A9E6D241616D0C300CFF4DD /* OnTimeConnection.m */,
				6A3CC478160EEE7700F4A12A /* OnTime-Info.plist */,
				6A3CC479160EEE7700F4A12A /* InfoPlist.strings */,
				6A3CC47C160EEE7700F4A12A /* main.m */,
				6A3CC47E160EEE7700F4A12A /* OnTime-Prefix.pch */,
			);
			name = "Supporting Files";
			sourceTree = "<group>";
		};
		6A6F0A00165EE5AC00423239 /* Models */ = {
			isa = PBXGroup;
			children = (
				6A9E6D191616CECC00CFF4DD /* Station.h */,
				6A9E6D1A1616CECC00CFF4DD /* Station.m */,
				6A9E6D1C1616CF6D00CFF4DD /* BartStation.h */,
				6A9E6D1D1616CF6D00CFF4DD /* BartStation.m */,
				6AA5B21916293E79001FA806 /* OnTimeNotification.h */,
				6AA5B21A16293E79001FA806 /* OnTimeNotification.m */,
				6A6F0A04165EE74C00423239 /* OnTimeStationMapAnnotation.h */,
				6A6F0A05165EE74C00423239 /* OnTimeStationMapAnnotation.m */,
			);
			name = Models;
			sourceTree = "<group>";
		};
		6A6F0A02165EE5E600423239 /* Controllers */ = {
			isa = PBXGroup;
			children = (
				6A3CC47F160EEE7700F4A12A /* OnTimeAppDelegate.h */,
				6A3CC480160EEE7800F4A12A /* OnTimeAppDelegate.m */,
				6A9E6CD21614298200CFF4DD /* StationChoiceViewController.h */,
				6A9E6CD31614298200CFF4DD /* StationChoiceViewController.m */,
				6A3CC482160EEE7800F4A12A /* OnTimeViewController.h */,
				6A3CC483160EEE7800F4A12A /* OnTimeViewController.m */,
				6A3CC485160EEE7800F4A12A /* OnTimeViewController.xib */,
			);
			name = Controllers;
			sourceTree = "<group>";
		};
		6A6F0A03165EE61E00423239 /* Stores */ = {
			isa = PBXGroup;
			children = (
				6A9E6D271616D4C200CFF4DD /* OnTimeManagerProtocol.h */,
				6A9E6D281616D57200CFF4DD /* BartStationStore.h */,
				6A9E6D291616D57200CFF4DD /* BartStationStore.m */,
			);
			name = Stores;
			sourceTree = "<group>";
		};
/* End PBXGroup section */

/* Begin PBXNativeTarget section */
		6A3CC46B160EEE7700F4A12A /* OnTime */ = {
			isa = PBXNativeTarget;
			buildConfigurationList = 6A3CC48A160EEE7800F4A12A /* Build configuration list for PBXNativeTarget "OnTime" */;
			buildPhases = (
				6A3CC468160EEE7700F4A12A /* Sources */,
				6A3CC469160EEE7700F4A12A /* Frameworks */,
				6A3CC46A160EEE7700F4A12A /* Resources */,
			);
			buildRules = (
			);
			dependencies = (
			);
			name = OnTime;
			productName = OnTime;
			productReference = 6A3CC46C160EEE7700F4A12A /* ontime.app */;
			productType = "com.apple.product-type.application";
		};
/* End PBXNativeTarget section */

/* Begin PBXProject section */
		6A3CC463160EEE7700F4A12A /* Project object */ = {
			isa = PBXProject;
			attributes = {
				CLASSPREFIX = OnTime;
				LastUpgradeCheck = 0440;
				ORGANIZATIONNAME = HDProject;
			};
			buildConfigurationList = 6A3CC466160EEE7700F4A12A /* Build configuration list for PBXProject "OnTime" */;
			compatibilityVersion = "Xcode 3.2";
			developmentRegion = English;
			hasScannedForEncodings = 0;
			knownRegions = (
				en,
			);
			mainGroup = 6A3CC461160EEE7700F4A12A;
			productRefGroup = 6A3CC46D160EEE7700F4A12A /* Products */;
			projectDirPath = "";
			projectRoot = "";
			targets = (
				6A3CC46B160EEE7700F4A12A /* OnTime */,
			);
		};
/* End PBXProject section */

/* Begin PBXResourcesBuildPhase section */
		6A3CC46A160EEE7700F4A12A /* Resources */ = {
			isa = PBXResourcesBuildPhase;
			buildActionMask = 2147483647;
			files = (
				6A3CC47B160EEE7700F4A12A /* InfoPlist.strings in Resources */,
				6A3CC487160EEE7800F4A12A /* OnTimeViewController.xib in Resources */,
				6ADF2585161D514B00CDEA2B /* Default-568h@2x.png in Resources */,
			);
			runOnlyForDeploymentPostprocessing = 0;
		};
/* End PBXResourcesBuildPhase section */

/* Begin PBXSourcesBuildPhase section */
		6A3CC468160EEE7700F4A12A /* Sources */ = {
			isa = PBXSourcesBuildPhase;
			buildActionMask = 2147483647;
			files = (
				6A3CC47D160EEE7700F4A12A /* main.m in Sources */,
				6A3CC481160EEE7800F4A12A /* OnTimeAppDelegate.m in Sources */,
				6A3CC484160EEE7800F4A12A /* OnTimeViewController.m in Sources */,
				6A9E6CD51614298200CFF4DD /* StationChoiceViewController.m in Sources */,
				6A9E6D1B1616CECC00CFF4DD /* Station.m in Sources */,
				6A9E6D1E1616CF6D00CFF4DD /* BartStation.m in Sources */,
				6A9E6D251616D0C400CFF4DD /* OnTimeConnection.m in Sources */,
				6A9E6D2A1616D57300CFF4DD /* BartStationStore.m in Sources */,
				6AA5B21B16293E79001FA806 /* OnTimeNotification.m in Sources */,
				6A6F0A06165EE74C00423239 /* OnTimeStationMapAnnotation.m in Sources */,
			);
			runOnlyForDeploymentPostprocessing = 0;
		};
/* End PBXSourcesBuildPhase section */

/* Begin PBXVariantGroup section */
		6A3CC479160EEE7700F4A12A /* InfoPlist.strings */ = {
			isa = PBXVariantGroup;
			children = (
				6A3CC47A160EEE7700F4A12A /* en */,
			);
			name = InfoPlist.strings;
			sourceTree = "<group>";
		};
		6A3CC485160EEE7800F4A12A /* OnTimeViewController.xib */ = {
			isa = PBXVariantGroup;
			children = (
				6A3CC486160EEE7800F4A12A /* en */,
			);
			name = OnTimeViewController.xib;
			sourceTree = "<group>";
		};
/* End PBXVariantGroup section */

/* Begin XCBuildConfiguration section */
		6A3CC488160EEE7800F4A12A /* Debug */ = {
			isa = XCBuildConfiguration;
			buildSettings = {
				ALWAYS_SEARCH_USER_PATHS = NO;
				ARCHS = "$(ARCHS_STANDARD_32_BIT)";
				CLANG_CXX_LANGUAGE_STANDARD = "gnu++0x";
				CLANG_ENABLE_OBJC_ARC = YES;
				CLANG_WARN__DUPLICATE_METHOD_MATCH = YES;
				"CODE_SIGN_IDENTITY[sdk=iphoneos*]" = "iPhone Developer";
				COPY_PHASE_STRIP = NO;
				GCC_C_LANGUAGE_STANDARD = gnu99;
				GCC_DYNAMIC_NO_PIC = NO;
				GCC_OPTIMIZATION_LEVEL = 0;
				GCC_PREPROCESSOR_DEFINITIONS = (
					"DEBUG=1",
					"$(inherited)",
				);
				GCC_SYMBOLS_PRIVATE_EXTERN = NO;
				GCC_VERSION = com.apple.compilers.llvm.clang.1_0;
				GCC_WARN_ABOUT_RETURN_TYPE = YES;
				GCC_WARN_UNINITIALIZED_AUTOS = YES;
				GCC_WARN_UNUSED_VARIABLE = YES;
				IPHONEOS_DEPLOYMENT_TARGET = 6.0;
				SDKROOT = iphoneos;
			};
			name = Debug;
		};
		6A3CC489160EEE7800F4A12A /* Release */ = {
			isa = XCBuildConfiguration;
			buildSettings = {
				ALWAYS_SEARCH_USER_PATHS = NO;
				ARCHS = "$(ARCHS_STANDARD_32_BIT)";
				CLANG_CXX_LANGUAGE_STANDARD = "gnu++0x";
				CLANG_ENABLE_OBJC_ARC = YES;
				CLANG_WARN__DUPLICATE_METHOD_MATCH = YES;
				"CODE_SIGN_IDENTITY[sdk=iphoneos*]" = "iPhone Developer";
				COPY_PHASE_STRIP = YES;
				GCC_C_LANGUAGE_STANDARD = gnu99;
				GCC_VERSION = com.apple.compilers.llvm.clang.1_0;
				GCC_WARN_ABOUT_RETURN_TYPE = YES;
				GCC_WARN_UNINITIALIZED_AUTOS = YES;
				GCC_WARN_UNUSED_VARIABLE = YES;
				IPHONEOS_DEPLOYMENT_TARGET = 6.0;
				OTHER_CFLAGS = "-DNS_BLOCK_ASSERTIONS=1";
				SDKROOT = iphoneos;
				VALIDATE_PRODUCT = YES;
			};
			name = Release;
		};
		6A3CC48B160EEE7800F4A12A /* Debug */ = {
			isa = XCBuildConfiguration;
			buildSettings = {
				GCC_PRECOMPILE_PREFIX_HEADER = YES;
				GCC_PREFIX_HEADER = "OnTime/OnTime-Prefix.pch";
				INFOPLIST_FILE = "OnTime/OnTime-Info.plist";
				PRODUCT_NAME = ontime;
				WRAPPER_EXTENSION = app;
			};
			name = Debug;
		};
		6A3CC48C160EEE7800F4A12A /* Release */ = {
			isa = XCBuildConfiguration;
			buildSettings = {
				"CODE_SIGN_IDENTITY[sdk=iphoneos*]" = "iPhone Distribution: Daisuke Fujiwara";
				GCC_PRECOMPILE_PREFIX_HEADER = YES;
				GCC_PREFIX_HEADER = "OnTime/OnTime-Prefix.pch";
				INFOPLIST_FILE = "OnTime/OnTime-Info.plist";
				PRODUCT_NAME = ontime;
				"PROVISIONING_PROFILE[sdk=iphoneos*]" = "EBD9861F-C55D-4F0D-8503-00270CBBBFB2";
				WRAPPER_EXTENSION = app;
			};
			name = Release;
		};
/* End XCBuildConfiguration section */

/* Begin XCConfigurationList section */
		6A3CC466160EEE7700F4A12A /* Build configuration list for PBXProject "OnTime" */ = {
			isa = XCConfigurationList;
			buildConfigurations = (
				6A3CC488160EEE7800F4A12A /* Debug */,
				6A3CC489160EEE7800F4A12A /* Release */,
			);
			defaultConfigurationIsVisible = 0;
			defaultConfigurationName = Release;
		};
		6A3CC48A160EEE7800F4A12A /* Build configuration list for PBXNativeTarget "OnTime" */ = {
			isa = XCConfigurationList;
			buildConfigurations = (
				6A3CC48B160EEE7800F4A12A /* Debug */,
				6A3CC48C160EEE7800F4A12A /* Release */,
			);
			defaultConfigurationIsVisible = 0;
			defaultConfigurationName = Release;
		};
/* End XCConfigurationList section */
	};
	rootObject = 6A3CC463160EEE7700F4A12A /* Project object */;
}
